
Microsoft Visual Studio Solution File, Format Version 12.00
# Visual Studio Version 16
VisualStudioVersion = 16.0.32901.82
MinimumVisualStudioVersion = 10.0.40219.1
Project("{FAE04EC0-301F-11D3-BF4B-00C04F79EFBC}") = "MathService", "MathService.csproj", "{52D76540-14CF-43E3-BA7E-FAB38C4BCF89}"
EndProject
Project("{FAE04EC0-301F-11D3-BF4B-00C04F79EFBC}") = "WcfService", "..\WcfService\WcfService.csproj", "{7D06A6C2-9712-485D-BC7C-601D4AA7540D}"
EndProject
Global
	GlobalSection(SolutionConfigurationPlatforms) = preSolution
		Debug|Any CPU = Debug|Any CPU
		Release|Any CPU = Release|Any CPU
	EndGlobalSection
	GlobalSection(ProjectConfigurationPlatforms) = postSolution
		{52D76540-14CF-43E3-BA7E-FAB38C4BCF89}.Debug|Any CPU.ActiveCfg = Debug|Any CPU
		{52D76540-14CF-43E3-BA7E-FAB38C4BCF89}.Debug|Any CPU.Build.0 = Debug|Any CPU
		{52D76540-14CF-43E3-BA7E-FAB38C4BCF89}.Release|Any CPU.ActiveCfg = Release|Any CPU
		{52D76540-14CF-43E3-BA7E-FAB38C4BCF89}.Release|Any CPU.Build.0 = Release|Any CPU
		{7D06A6C2-9712-485D-BC7C-601D4AA7540D}.Debug|Any CPU.ActiveCfg = Debug|Any CPU
		{7D06A6C2-9712-485D-BC7C-601D4AA7540D}.Debug|Any CPU.Build.0 = Debug|Any CPU
		{7D06A6C2-9712-485D-BC7C-601D4AA7540D}.Release|Any CPU.ActiveCfg = Release|Any CPU
		{7D06A6C2-9712-485D-BC7C-601D4AA7540D}.Release|Any CPU.Build.0 = Release|Any CPU
	EndGlobalSection
	GlobalSection(SolutionProperties) = preSolution
		HideSolutionNode = FALSE
	EndGlobalSection
	GlobalSection(ExtensibilityGlobals) = postSolution
		SolutionGuid = {BF161F34-4CA6-42F5-BC78-B6BBD100DE60}
	EndGlobalSection
EndGlobal
