
Microsoft Visual Studio Solution File, Format Version 12.00
# Visual Studio Version 16
VisualStudioVersion = 16.0.32228.343
MinimumVisualStudioVersion = 10.0.40219.1
Project("{FAE04EC0-301F-11D3-BF4B-00C04F79EFBC}") = "OshoPortal", "OshoPortal.csproj", "{2F3B0E7B-A25B-4375-9CE3-09D4FBC02E3A}"
EndProject
Global
	GlobalSection(SolutionConfigurationPlatforms) = preSolution
		Debug|Any CPU = Debug|Any CPU
		Release|Any CPU = Release|Any CPU
	EndGlobalSection
	GlobalSection(ProjectConfigurationPlatforms) = postSolution
		{2F3B0E7B-A25B-4375-9CE3-09D4FBC02E3A}.Debug|Any CPU.ActiveCfg = Debug|Any CPU
		{2F3B0E7B-A25B-4375-9CE3-09D4FBC02E3A}.Debug|Any CPU.Build.0 = Debug|Any CPU
		{2F3B0E7B-A25B-4375-9CE3-09D4FBC02E3A}.Release|Any CPU.ActiveCfg = Release|Any CPU
		{2F3B0E7B-A25B-4375-9CE3-09D4FBC02E3A}.Release|Any CPU.Build.0 = Release|Any CPU
	EndGlobalSection
	GlobalSection(SolutionProperties) = preSolution
		HideSolutionNode = FALSE
	EndGlobalSection
	GlobalSection(ExtensibilityGlobals) = postSolution
		SolutionGuid = {041C8810-E379-4DD0-850B-0A3A4580FDBE}
	EndGlobalSection
EndGlobal
